
Microsoft Visual Studio Solution File, Format Version 12.00
# Visual Studio Version 17
VisualStudioVersion = 17.4.33213.308
MinimumVisualStudioVersion = 10.0.40219.1
Project("{9A19103F-16F7-4668-BE54-9A1E7A4F7556}") = "FactoryMethod", "Factory Method\FactoryMethod.csproj", "{A8A0F795-F8E2-445F-A7AF-62D61DB3A89E}"
EndProject
Project("{2150E333-8FDC-42A3-9474-1A3956D46DE8}") = "Criacional", "Criacional", "{B6B423A7-4D81-4691-94D6-5318FD36B3F8}"
EndProject
Project("{9A19103F-16F7-4668-BE54-9A1E7A4F7556}") = "AbstractFactory", "Abstract Factory\AbstractFactory.csproj", "{25C3383B-8726-4075-A0B8-6CF15FDF6BC8}"
EndProject
Project("{9A19103F-16F7-4668-BE54-9A1E7A4F7556}") = "Singleton", "Singleton\Singleton.csproj", "{25093BE7-1A24-47EF-BDFD-D15AD69CD324}"
EndProject
Project("{9A19103F-16F7-4668-BE54-9A1E7A4F7556}") = "Builder", "Builder\Builder.csproj", "{2E6838DC-C7F2-455C-A659-58932A697C16}"
EndProject
Project("{9A19103F-16F7-4668-BE54-9A1E7A4F7556}") = "Prototype", "Prototype\Prototype.csproj", "{25F76B97-27B3-4B4B-B974-B69ADC1A5163}"
EndProject
Project("{2150E333-8FDC-42A3-9474-1A3956D46DE8}") = "Estruturais", "Estruturais", "{592B650E-0C30-4202-ABEE-6EC8B64BA22F}"
EndProject
Project("{FAE04EC0-301F-11D3-BF4B-00C04F79EFBC}") = "Adapter", "Adapter\Adapter.csproj", "{F8334939-7DE7-4937-97F3-79776B0CD0FE}"
EndProject
Project("{FAE04EC0-301F-11D3-BF4B-00C04F79EFBC}") = "Bridge", "Bridge\Bridge.csproj", "{75918013-FCEE-41B2-960A-F5A2E08112F8}"
EndProject
Project("{FAE04EC0-301F-11D3-BF4B-00C04F79EFBC}") = "Composite", "Composite\Composite.csproj", "{A216893E-129E-496A-B0CB-BF209C2A2A8D}"
EndProject
Project("{FAE04EC0-301F-11D3-BF4B-00C04F79EFBC}") = "Decorator", "Decorator\Decorator.csproj", "{30EEBEDD-C7D7-4C40-9B5A-0D378A08C4BC}"
EndProject
Project("{FAE04EC0-301F-11D3-BF4B-00C04F79EFBC}") = "Facade", "Facade\Facade.csproj", "{86EB0406-35E7-4C61-A2AD-20A3783A1F66}"
EndProject
Project("{FAE04EC0-301F-11D3-BF4B-00C04F79EFBC}") = "Flyweight", "Flyweight\Flyweight.csproj", "{78403FC2-54E5-41E8-B642-44C76EE04D44}"
EndProject
Project("{FAE04EC0-301F-11D3-BF4B-00C04F79EFBC}") = "Proxy", "Proxy\Proxy.csproj", "{0DBEC321-DFAA-4C3A-AFA9-3A6C7E6D0AA5}"
EndProject
Global
	GlobalSection(SolutionConfigurationPlatforms) = preSolution
		Debug|Any CPU = Debug|Any CPU
		Release|Any CPU = Release|Any CPU
	EndGlobalSection
	GlobalSection(ProjectConfigurationPlatforms) = postSolution
		{A8A0F795-F8E2-445F-A7AF-62D61DB3A89E}.Debug|Any CPU.ActiveCfg = Debug|Any CPU
		{A8A0F795-F8E2-445F-A7AF-62D61DB3A89E}.Debug|Any CPU.Build.0 = Debug|Any CPU
		{A8A0F795-F8E2-445F-A7AF-62D61DB3A89E}.Release|Any CPU.ActiveCfg = Release|Any CPU
		{A8A0F795-F8E2-445F-A7AF-62D61DB3A89E}.Release|Any CPU.Build.0 = Release|Any CPU
		{25C3383B-8726-4075-A0B8-6CF15FDF6BC8}.Debug|Any CPU.ActiveCfg = Debug|Any CPU
		{25C3383B-8726-4075-A0B8-6CF15FDF6BC8}.Debug|Any CPU.Build.0 = Debug|Any CPU
		{25C3383B-8726-4075-A0B8-6CF15FDF6BC8}.Release|Any CPU.ActiveCfg = Release|Any CPU
		{25C3383B-8726-4075-A0B8-6CF15FDF6BC8}.Release|Any CPU.Build.0 = Release|Any CPU
		{25093BE7-1A24-47EF-BDFD-D15AD69CD324}.Debug|Any CPU.ActiveCfg = Debug|Any CPU
		{25093BE7-1A24-47EF-BDFD-D15AD69CD324}.Debug|Any CPU.Build.0 = Debug|Any CPU
		{25093BE7-1A24-47EF-BDFD-D15AD69CD324}.Release|Any CPU.ActiveCfg = Release|Any CPU
		{25093BE7-1A24-47EF-BDFD-D15AD69CD324}.Release|Any CPU.Build.0 = Release|Any CPU
		{2E6838DC-C7F2-455C-A659-58932A697C16}.Debug|Any CPU.ActiveCfg = Debug|Any CPU
		{2E6838DC-C7F2-455C-A659-58932A697C16}.Debug|Any CPU.Build.0 = Debug|Any CPU
		{2E6838DC-C7F2-455C-A659-58932A697C16}.Release|Any CPU.ActiveCfg = Release|Any CPU
		{2E6838DC-C7F2-455C-A659-58932A697C16}.Release|Any CPU.Build.0 = Release|Any CPU
		{25F76B97-27B3-4B4B-B974-B69ADC1A5163}.Debug|Any CPU.ActiveCfg = Debug|Any CPU
		{25F76B97-27B3-4B4B-B974-B69ADC1A5163}.Debug|Any CPU.Build.0 = Debug|Any CPU
		{25F76B97-27B3-4B4B-B974-B69ADC1A5163}.Release|Any CPU.ActiveCfg = Release|Any CPU
		{25F76B97-27B3-4B4B-B974-B69ADC1A5163}.Release|Any CPU.Build.0 = Release|Any CPU
		{F8334939-7DE7-4937-97F3-79776B0CD0FE}.Debug|Any CPU.ActiveCfg = Debug|Any CPU
		{F8334939-7DE7-4937-97F3-79776B0CD0FE}.Debug|Any CPU.Build.0 = Debug|Any CPU
		{F8334939-7DE7-4937-97F3-79776B0CD0FE}.Release|Any CPU.ActiveCfg = Release|Any CPU
		{F8334939-7DE7-4937-97F3-79776B0CD0FE}.Release|Any CPU.Build.0 = Release|Any CPU
		{75918013-FCEE-41B2-960A-F5A2E08112F8}.Debug|Any CPU.ActiveCfg = Debug|Any CPU
		{75918013-FCEE-41B2-960A-F5A2E08112F8}.Debug|Any CPU.Build.0 = Debug|Any CPU
		{75918013-FCEE-41B2-960A-F5A2E08112F8}.Release|Any CPU.ActiveCfg = Release|Any CPU
		{75918013-FCEE-41B2-960A-F5A2E08112F8}.Release|Any CPU.Build.0 = Release|Any CPU
		{A216893E-129E-496A-B0CB-BF209C2A2A8D}.Debug|Any CPU.ActiveCfg = Debug|Any CPU
		{A216893E-129E-496A-B0CB-BF209C2A2A8D}.Debug|Any CPU.Build.0 = Debug|Any CPU
		{A216893E-129E-496A-B0CB-BF209C2A2A8D}.Release|Any CPU.ActiveCfg = Release|Any CPU
		{A216893E-129E-496A-B0CB-BF209C2A2A8D}.Release|Any CPU.Build.0 = Release|Any CPU
		{30EEBEDD-C7D7-4C40-9B5A-0D378A08C4BC}.Debug|Any CPU.ActiveCfg = Debug|Any CPU
		{30EEBEDD-C7D7-4C40-9B5A-0D378A08C4BC}.Debug|Any CPU.Build.0 = Debug|Any CPU
		{30EEBEDD-C7D7-4C40-9B5A-0D378A08C4BC}.Release|Any CPU.ActiveCfg = Release|Any CPU
		{30EEBEDD-C7D7-4C40-9B5A-0D378A08C4BC}.Release|Any CPU.Build.0 = Release|Any CPU
		{86EB0406-35E7-4C61-A2AD-20A3783A1F66}.Debug|Any CPU.ActiveCfg = Debug|Any CPU
		{86EB0406-35E7-4C61-A2AD-20A3783A1F66}.Debug|Any CPU.Build.0 = Debug|Any CPU
		{86EB0406-35E7-4C61-A2AD-20A3783A1F66}.Release|Any CPU.ActiveCfg = Release|Any CPU
		{86EB0406-35E7-4C61-A2AD-20A3783A1F66}.Release|Any CPU.Build.0 = Release|Any CPU
		{78403FC2-54E5-41E8-B642-44C76EE04D44}.Debug|Any CPU.ActiveCfg = Debug|Any CPU
		{78403FC2-54E5-41E8-B642-44C76EE04D44}.Debug|Any CPU.Build.0 = Debug|Any CPU
		{78403FC2-54E5-41E8-B642-44C76EE04D44}.Release|Any CPU.ActiveCfg = Release|Any CPU
		{78403FC2-54E5-41E8-B642-44C76EE04D44}.Release|Any CPU.Build.0 = Release|Any CPU
		{0DBEC321-DFAA-4C3A-AFA9-3A6C7E6D0AA5}.Debug|Any CPU.ActiveCfg = Debug|Any CPU
		{0DBEC321-DFAA-4C3A-AFA9-3A6C7E6D0AA5}.Debug|Any CPU.Build.0 = Debug|Any CPU
		{0DBEC321-DFAA-4C3A-AFA9-3A6C7E6D0AA5}.Release|Any CPU.ActiveCfg = Release|Any CPU
		{0DBEC321-DFAA-4C3A-AFA9-3A6C7E6D0AA5}.Release|Any CPU.Build.0 = Release|Any CPU
	EndGlobalSection
	GlobalSection(SolutionProperties) = preSolution
		HideSolutionNode = FALSE
	EndGlobalSection
	GlobalSection(NestedProjects) = preSolution
		{A8A0F795-F8E2-445F-A7AF-62D61DB3A89E} = {B6B423A7-4D81-4691-94D6-5318FD36B3F8}
		{25C3383B-8726-4075-A0B8-6CF15FDF6BC8} = {B6B423A7-4D81-4691-94D6-5318FD36B3F8}
		{25093BE7-1A24-47EF-BDFD-D15AD69CD324} = {B6B423A7-4D81-4691-94D6-5318FD36B3F8}
		{2E6838DC-C7F2-455C-A659-58932A697C16} = {B6B423A7-4D81-4691-94D6-5318FD36B3F8}
		{25F76B97-27B3-4B4B-B974-B69ADC1A5163} = {B6B423A7-4D81-4691-94D6-5318FD36B3F8}
		{F8334939-7DE7-4937-97F3-79776B0CD0FE} = {592B650E-0C30-4202-ABEE-6EC8B64BA22F}
		{75918013-FCEE-41B2-960A-F5A2E08112F8} = {592B650E-0C30-4202-ABEE-6EC8B64BA22F}
		{A216893E-129E-496A-B0CB-BF209C2A2A8D} = {592B650E-0C30-4202-ABEE-6EC8B64BA22F}
		{30EEBEDD-C7D7-4C40-9B5A-0D378A08C4BC} = {592B650E-0C30-4202-ABEE-6EC8B64BA22F}
		{86EB0406-35E7-4C61-A2AD-20A3783A1F66} = {592B650E-0C30-4202-ABEE-6EC8B64BA22F}
		{78403FC2-54E5-41E8-B642-44C76EE04D44} = {592B650E-0C30-4202-ABEE-6EC8B64BA22F}
		{0DBEC321-DFAA-4C3A-AFA9-3A6C7E6D0AA5} = {592B650E-0C30-4202-ABEE-6EC8B64BA22F}
	EndGlobalSection
	GlobalSection(ExtensibilityGlobals) = postSolution
		SolutionGuid = {F2B95A91-0866-4022-8F77-D10204924920}
	EndGlobalSection
EndGlobal
